
Microsoft Visual Studio Solution File, Format Version 12.00
# Visual Studio 15
VisualStudioVersion = 15.0.28307.271
MinimumVisualStudioVersion = 10.0.40219.1
Project("{FAE04EC0-301F-11D3-BF4B-00C04F79EFBC}") = "RenaultTest", "RenaultTest\RenaultTest.csproj", "{175CD60C-FA09-4917-A0E5-5E10365C0104}"
EndProject
Project("{FAE04EC0-301F-11D3-BF4B-00C04F79EFBC}") = "Models", "Models\Models.csproj", "{AC9AD47A-2508-4946-8F4D-E4446E5C0DE9}"
EndProject
Global
	GlobalSection(SolutionConfigurationPlatforms) = preSolution
		Debug|Any CPU = Debug|Any CPU
		Release|Any CPU = Release|Any CPU
	EndGlobalSection
	GlobalSection(ProjectConfigurationPlatforms) = postSolution
		{175CD60C-FA09-4917-A0E5-5E10365C0104}.Debug|Any CPU.ActiveCfg = Debug|Any CPU
		{175CD60C-FA09-4917-A0E5-5E10365C0104}.Debug|Any CPU.Build.0 = Debug|Any CPU
		{175CD60C-FA09-4917-A0E5-5E10365C0104}.Release|Any CPU.ActiveCfg = Release|Any CPU
		{175CD60C-FA09-4917-A0E5-5E10365C0104}.Release|Any CPU.Build.0 = Release|Any CPU
		{AC9AD47A-2508-4946-8F4D-E4446E5C0DE9}.Debug|Any CPU.ActiveCfg = Debug|Any CPU
		{AC9AD47A-2508-4946-8F4D-E4446E5C0DE9}.Debug|Any CPU.Build.0 = Debug|Any CPU
		{AC9AD47A-2508-4946-8F4D-E4446E5C0DE9}.Release|Any CPU.ActiveCfg = Release|Any CPU
		{AC9AD47A-2508-4946-8F4D-E4446E5C0DE9}.Release|Any CPU.Build.0 = Release|Any CPU
	EndGlobalSection
	GlobalSection(SolutionProperties) = preSolution
		HideSolutionNode = FALSE
	EndGlobalSection
	GlobalSection(ExtensibilityGlobals) = postSolution
		SolutionGuid = {58515FD7-0DD8-4302-BBF7-61AE45AFC8CD}
	EndGlobalSection
EndGlobal
